
Microsoft Visual Studio Solution File, Format Version 12.00
# Visual Studio Version 17
VisualStudioVersion = 17.14.36127.28 d17.14
MinimumVisualStudioVersion = 10.0.40219.1
Project("{FAE04EC0-301F-11D3-BF4B-00C04F79EFBC}") = "worldChat", "worldChat.csproj", "{71944F1E-B554-4C73-B2F8-7BD56F887797}"
EndProject
Global
	GlobalSection(SolutionConfigurationPlatforms) = preSolution
		Debug|Any CPU = Debug|Any CPU
		Release|Any CPU = Release|Any CPU
	EndGlobalSection
	GlobalSection(ProjectConfigurationPlatforms) = postSolution
		{71944F1E-B554-4C73-B2F8-7BD56F887797}.Debug|Any CPU.ActiveCfg = Debug|Any CPU
		{71944F1E-B554-4C73-B2F8-7BD56F887797}.Debug|Any CPU.Build.0 = Debug|Any CPU
		{71944F1E-B554-4C73-B2F8-7BD56F887797}.Release|Any CPU.ActiveCfg = Release|Any CPU
		{71944F1E-B554-4C73-B2F8-7BD56F887797}.Release|Any CPU.Build.0 = Release|Any CPU
	EndGlobalSection
	GlobalSection(SolutionProperties) = preSolution
		HideSolutionNode = FALSE
	EndGlobalSection
	GlobalSection(ExtensibilityGlobals) = postSolution
		SolutionGuid = {231324E8-99BD-49ED-9161-3000FC1ADF50}
	EndGlobalSection
EndGlobal
